<?xml version="1.0" encoding="utf-8"?>
<Project ToolsVersion="4.0" xmlns="http://schemas.microsoft.com/developer/msbuild/2003">
  <ItemGroup>
    <Filter Include="Source Files">
      <UniqueIdentifier>{4FC737F1-C7A5-4376-A066-2A32D752A2FF}</UniqueIdentifier>
      <Extensions>cpp;c;cc;cxx;def;odl;idl;hpj;bat;asm;asmx</Extensions>
    </Filter>
    <Filter Include="Header Files">
      <UniqueIdentifier>{93995380-89BD-4b04-88EB-625FBE52EBFB}</UniqueIdentifier>
      <Extensions>h;hh;hpp;hxx;hm;inl;inc;xsd</Extensions>
    </Filter>
    <Filter Include="Resource Files">
      <UniqueIdentifier>{67DA6AB6-F800-4c08-8B7A-83BB121AAD01}</UniqueIdentifier>
      <Extensions>rc;ico;cur;bmp;dlg;rc2;rct;bin;rgs;gif;jpg;jpeg;jpe;resx;tiff;tif;png;wav;mfcribbon-ms</Extensions>
    </Filter>
  </ItemGroup>
  <ItemGroup>
    <ClInclude Include="jdo3643_Television_Show_Season.h">
      <Filter>Header Files</Filter>
    </ClInclude>
    <ClInclude Include="jdo3643_Music_Album.h">
      <Filter>Header Files</Filter>
    </ClInclude>
    <ClInclude Include="jdo3643_Movie.h">
      <Filter>Header Files</Filter>
    </ClInclude>
    <ClInclude Include="jdo3643_Book.h">
      <Filter>Header Files</Filter>
    </ClInclude>
    <ClInclude Include="jdo3643_Media.h">
      <Filter>Header Files</Filter>
    </ClInclude>
    <ClInclude Include="jdo3643_Video_Game.h">
      <Filter>Header Files</Filter>
    </ClInclude>
    <ClInclude Include="jdo3643_Bundle.h">
      <Filter>Header Files</Filter>
    </ClInclude>
    <ClInclude Include="jdo3643_Date.h">
      <Filter>Header Files</Filter>
    </ClInclude>
    <ClInclude Include="jdo3643_Customer.h">
      <Filter>Header Files</Filter>
    </ClInclude>
    <ClInclude Include="jdo3643_Librarian.h">
      <Filter>Header Files</Filter>
    </ClInclude>
    <ClInclude Include="jdo3643_Transaction.h">
      <Filter>Header Files</Filter>
    </ClInclude>
    <ClInclude Include="jdo3643_Library.h">
      <Filter>Header Files</Filter>
    </ClInclude>
    <ClInclude Include="jdo3643_View.h">
      <Filter>Header Files</Filter>
    </ClInclude>
    <ClInclude Include="jdo3643_Controller.h">
      <Filter>Header Files</Filter>
    </ClInclude>
  </ItemGroup>
  <ItemGroup>
    <ClCompile Include="jdo3643_Media.cpp">
      <Filter>Source Files</Filter>
    </ClCompile>
    <ClCompile Include="jdo3643_Librarian.cpp">
      <Filter>Source Files</Filter>
    </ClCompile>
    <ClCompile Include="jdo3643_Customer.cpp">
      <Filter>Source Files</Filter>
    </ClCompile>
    <ClCompile Include="jdo3643_Video_Game.cpp">
      <Filter>Source Files</Filter>
    </ClCompile>
    <ClCompile Include="jdo3643_Television_Show_Season.cpp">
      <Filter>Source Files</Filter>
    </ClCompile>
    <ClCompile Include="jdo3643_Music_Album.cpp">
      <Filter>Source Files</Filter>
    </ClCompile>
    <ClCompile Include="jdo3643_Movie.cpp">
      <Filter>Source Files</Filter>
    </ClCompile>
    <ClCompile Include="jdo3643_Book.cpp">
      <Filter>Source Files</Filter>
    </ClCompile>
    <ClCompile Include="jdo3643_Date.cpp">
      <Filter>Source Files</Filter>
    </ClCompile>
    <ClCompile Include="jdo3643_Library.cpp">
      <Filter>Source Files</Filter>
    </ClCompile>
    <ClCompile Include="jdo3643_Bundle.cpp">
      <Filter>Source Files</Filter>
    </ClCompile>
    <ClCompile Include="jdo3643_Transaction.cpp">
      <Filter>Source Files</Filter>
    </ClCompile>
    <ClCompile Include="jdo3643_main.cpp">
      <Filter>Source Files</Filter>
    </ClCompile>
    <ClCompile Include="jdo3643_View.cpp">
      <Filter>Source Files</Filter>
    </ClCompile>
    <ClCompile Include="jdo3643_Controller.cpp">
      <Filter>Source Files</Filter>
    </ClCompile>
  </ItemGroup>
</Project>